
Microsoft Visual Studio Solution File, Format Version 12.00
# Visual Studio Version 17
VisualStudioVersion = 17.5.002.0
MinimumVisualStudioVersion = 10.0.40219.1
Project("{9A19103F-16F7-4668-BE54-9A1E7A4F7556}") = "database_back_web", "ProfessionService\database_back_web.csproj", "{1C4AEFB8-4F4A-4AA3-970A-BB09BEFEFE4A}"
EndProject
Global
	GlobalSection(SolutionConfigurationPlatforms) = preSolution
		Debug|Any CPU = Debug|Any CPU
		Release|Any CPU = Release|Any CPU
	EndGlobalSection
	GlobalSection(ProjectConfigurationPlatforms) = postSolution
		{1C4AEFB8-4F4A-4AA3-970A-BB09BEFEFE4A}.Debug|Any CPU.ActiveCfg = Debug|Any CPU
		{1C4AEFB8-4F4A-4AA3-970A-BB09BEFEFE4A}.Debug|Any CPU.Build.0 = Debug|Any CPU
		{1C4AEFB8-4F4A-4AA3-970A-BB09BEFEFE4A}.Release|Any CPU.ActiveCfg = Release|Any CPU
		{1C4AEFB8-4F4A-4AA3-970A-BB09BEFEFE4A}.Release|Any CPU.Build.0 = Release|Any CPU
	EndGlobalSection
	GlobalSection(SolutionProperties) = preSolution
		HideSolutionNode = FALSE
	EndGlobalSection
	GlobalSection(ExtensibilityGlobals) = postSolution
		SolutionGuid = {11BE4690-F1F3-4539-91E8-CAFC40321DE9}
	EndGlobalSection
EndGlobal
